
Microsoft Visual Studio Solution File, Format Version 12.00
# Visual Studio 15
Project("{FAE04EC0-301F-11D3-BF4B-00C04F79EFBC}") = "Assembly-CSharp", "Assembly-CSharp.csproj", "{4FFD3E03-D9D4-D24F-1754-86EF3F85194E}"
EndProject
Project("{FAE04EC0-301F-11D3-BF4B-00C04F79EFBC}") = "NavMeshComponents", "NavMeshComponents.csproj", "{E96FA1C7-834A-BD6C-50BF-927794D629B4}"
EndProject
Project("{FAE04EC0-301F-11D3-BF4B-00C04F79EFBC}") = "NavMeshComponentsEditor", "NavMeshComponentsEditor.csproj", "{C4B74B0C-47DA-CBBD-1C57-EE7253A530B4}"
EndProject
Global
	GlobalSection(SolutionConfigurationPlatforms) = preSolution
		Debug|Any CPU = Debug|Any CPU
		Release|Any CPU = Release|Any CPU
	EndGlobalSection
	GlobalSection(ProjectConfigurationPlatforms) = postSolution
		{4FFD3E03-D9D4-D24F-1754-86EF3F85194E}.Debug|Any CPU.ActiveCfg = Debug|Any CPU
		{4FFD3E03-D9D4-D24F-1754-86EF3F85194E}.Debug|Any CPU.Build.0 = Debug|Any CPU
		{4FFD3E03-D9D4-D24F-1754-86EF3F85194E}.Release|Any CPU.ActiveCfg = Release|Any CPU
		{4FFD3E03-D9D4-D24F-1754-86EF3F85194E}.Release|Any CPU.Build.0 = Release|Any CPU
		{E96FA1C7-834A-BD6C-50BF-927794D629B4}.Debug|Any CPU.ActiveCfg = Debug|Any CPU
		{E96FA1C7-834A-BD6C-50BF-927794D629B4}.Debug|Any CPU.Build.0 = Debug|Any CPU
		{E96FA1C7-834A-BD6C-50BF-927794D629B4}.Release|Any CPU.ActiveCfg = Release|Any CPU
		{E96FA1C7-834A-BD6C-50BF-927794D629B4}.Release|Any CPU.Build.0 = Release|Any CPU
		{C4B74B0C-47DA-CBBD-1C57-EE7253A530B4}.Debug|Any CPU.ActiveCfg = Debug|Any CPU
		{C4B74B0C-47DA-CBBD-1C57-EE7253A530B4}.Debug|Any CPU.Build.0 = Debug|Any CPU
		{C4B74B0C-47DA-CBBD-1C57-EE7253A530B4}.Release|Any CPU.ActiveCfg = Release|Any CPU
		{C4B74B0C-47DA-CBBD-1C57-EE7253A530B4}.Release|Any CPU.Build.0 = Release|Any CPU
	EndGlobalSection
	GlobalSection(SolutionProperties) = preSolution
		HideSolutionNode = FALSE
	EndGlobalSection
EndGlobal
